// !$*UTF8*$!
{
	archiveVersion = 1;
	classes = {
	};
	objectVersion = 56;
	objects = {

/* Begin PBXBuildFile section */
		F905BE7C2BAC3117004DE479 /* AppDelegate.swift in Sources */ = {isa = PBXBuildFile; fileRef = F905BE7B2BAC3117004DE479 /* AppDelegate.swift */; };
		F905BE7E2BAC3117004DE479 /* SceneDelegate.swift in Sources */ = {isa = PBXBuildFile; fileRef = F905BE7D2BAC3117004DE479 /* SceneDelegate.swift */; };
		F905BE802BAC3117004DE479 /* ViewController.swift in Sources */ = {isa = PBXBuildFile; fileRef = F905BE7F2BAC3117004DE479 /* ViewController.swift */; };
		F905BE832BAC3117004DE479 /* Base in Resources */ = {isa = PBXBuildFile; fileRef = F905BE822BAC3117004DE479 /* Base */; };
		F905BE852BAC3119004DE479 /* Assets.xcassets in Resources */ = {isa = PBXBuildFile; fileRef = F905BE842BAC3119004DE479 /* Assets.xcassets */; };
		F905BE882BAC3119004DE479 /* Base in Resources */ = {isa = PBXBuildFile; fileRef = F905BE872BAC3119004DE479 /* Base */; };
		F905BE912BAC31DA004DE479 /* Auth0 in Frameworks */ = {isa = PBXBuildFile; productRef = F905BE902BAC31DA004DE479 /* Auth0 */; };
		F905BE942BAC341C004DE479 /* AuthService.swift in Sources */ = {isa = PBXBuildFile; fileRef = F905BE932BAC341C004DE479 /* AuthService.swift */; };
		F905BE962BAC425F004DE479 /* Keychain.swift in Sources */ = {isa = PBXBuildFile; fileRef = F905BE952BAC425F004DE479 /* Keychain.swift */; };
		F905BE982BAC42CB004DE479 /* KeychainService.swift in Sources */ = {isa = PBXBuildFile; fileRef = F905BE972BAC42CB004DE479 /* KeychainService.swift */; };
/* End PBXBuildFile section */

/* Begin PBXFileReference section */
		F905BE782BAC3117004DE479 /* Auth0-Integration.app */ = {isa = PBXFileReference; explicitFileType = wrapper.application; includeInIndex = 0; path = "Auth0-Integration.app"; sourceTree = BUILT_PRODUCTS_DIR; };
		F905BE7B2BAC3117004DE479 /* AppDelegate.swift */ = {isa = PBXFileReference; lastKnownFileType = sourcecode.swift; path = AppDelegate.swift; sourceTree = "<group>"; };
		F905BE7D2BAC3117004DE479 /* SceneDelegate.swift */ = {isa = PBXFileReference; lastKnownFileType = sourcecode.swift; path = SceneDelegate.swift; sourceTree = "<group>"; };
		F905BE7F2BAC3117004DE479 /* ViewController.swift */ = {isa = PBXFileReference; lastKnownFileType = sourcecode.swift; path = ViewController.swift; sourceTree = "<group>"; };
		F905BE822BAC3117004DE479 /* Base */ = {isa = PBXFileReference; lastKnownFileType = file.storyboard; name = Base; path = Base.lproj/Main.storyboard; sourceTree = "<group>"; };
		F905BE842BAC3119004DE479 /* Assets.xcassets */ = {isa = PBXFileReference; lastKnownFileType = folder.assetcatalog; path = Assets.xcassets; sourceTree = "<group>"; };
		F905BE872BAC3119004DE479 /* Base */ = {isa = PBXFileReference; lastKnownFileType = file.storyboard; name = Base; path = Base.lproj/LaunchScreen.storyboard; sourceTree = "<group>"; };
		F905BE892BAC3119004DE479 /* Info.plist */ = {isa = PBXFileReference; lastKnownFileType = text.plist.xml; path = Info.plist; sourceTree = "<group>"; };
		F905BE932BAC341C004DE479 /* AuthService.swift */ = {isa = PBXFileReference; lastKnownFileType = sourcecode.swift; path = AuthService.swift; sourceTree = "<group>"; };
		F905BE952BAC425F004DE479 /* Keychain.swift */ = {isa = PBXFileReference; lastKnownFileType = sourcecode.swift; path = Keychain.swift; sourceTree = "<group>"; };
		F905BE972BAC42CB004DE479 /* KeychainService.swift */ = {isa = PBXFileReference; lastKnownFileType = sourcecode.swift; path = KeychainService.swift; sourceTree = "<group>"; };
/* End PBXFileReference section */

/* Begin PBXFrameworksBuildPhase section */
		F905BE752BAC3117004DE479 /* Frameworks */ = {
			isa = PBXFrameworksBuildPhase;
			buildActionMask = 2147483647;
			files = (
				F905BE912BAC31DA004DE479 /* Auth0 in Frameworks */,
			);
			runOnlyForDeploymentPostprocessing = 0;
		};
/* End PBXFrameworksBuildPhase section */

/* Begin PBXGroup section */
		F905BE6F2BAC3117004DE479 = {
			isa = PBXGroup;
			children = (
				F905BE7A2BAC3117004DE479 /* Auth0-Integration */,
				F905BE792BAC3117004DE479 /* Products */,
			);
			sourceTree = "<group>";
		};
		F905BE792BAC3117004DE479 /* Products */ = {
			isa = PBXGroup;
			children = (
				F905BE782BAC3117004DE479 /* Auth0-Integration.app */,
			);
			name = Products;
			sourceTree = "<group>";
		};
		F905BE7A2BAC3117004DE479 /* Auth0-Integration */ = {
			isa = PBXGroup;
			children = (
				F905BE922BAC33FE004DE479 /* Services */,
				F905BE7B2BAC3117004DE479 /* AppDelegate.swift */,
				F905BE7D2BAC3117004DE479 /* SceneDelegate.swift */,
				F905BE7F2BAC3117004DE479 /* ViewController.swift */,
				F905BE812BAC3117004DE479 /* Main.storyboard */,
				F905BE842BAC3119004DE479 /* Assets.xcassets */,
				F905BE862BAC3119004DE479 /* LaunchScreen.storyboard */,
				F905BE892BAC3119004DE479 /* Info.plist */,
				F905BE952BAC425F004DE479 /* Keychain.swift */,
			);
			path = "Auth0-Integration";
			sourceTree = "<group>";
		};
		F905BE922BAC33FE004DE479 /* Services */ = {
			isa = PBXGroup;
			children = (
				F905BE932BAC341C004DE479 /* AuthService.swift */,
				F905BE972BAC42CB004DE479 /* KeychainService.swift */,
			);
			path = Services;
			sourceTree = "<group>";
		};
/* End PBXGroup section */

/* Begin PBXNativeTarget section */
		F905BE772BAC3117004DE479 /* Auth0-Integration */ = {
			isa = PBXNativeTarget;
			buildConfigurationList = F905BE8C2BAC3119004DE479 /* Build configuration list for PBXNativeTarget "Auth0-Integration" */;
			buildPhases = (
				F905BE742BAC3117004DE479 /* Sources */,
				F905BE752BAC3117004DE479 /* Frameworks */,
				F905BE762BAC3117004DE479 /* Resources */,
			);
			buildRules = (
			);
			dependencies = (
			);
			name = "Auth0-Integration";
			packageProductDependencies = (
				F905BE902BAC31DA004DE479 /* Auth0 */,
			);
			productName = "Auth0-Integration";
			productReference = F905BE782BAC3117004DE479 /* Auth0-Integration.app */;
			productType = "com.apple.product-type.application";
		};
/* End PBXNativeTarget section */

/* Begin PBXProject section */
		F905BE702BAC3117004DE479 /* Project object */ = {
			isa = PBXProject;
			attributes = {
				BuildIndependentTargetsInParallel = 1;
				LastSwiftUpdateCheck = 1530;
				LastUpgradeCheck = 1530;
				TargetAttributes = {
					F905BE772BAC3117004DE479 = {
						CreatedOnToolsVersion = 15.3;
					};
				};
			};
			buildConfigurationList = F905BE732BAC3117004DE479 /* Build configuration list for PBXProject "Auth0-Integration" */;
			compatibilityVersion = "Xcode 14.0";
			developmentRegion = en;
			hasScannedForEncodings = 0;
			knownRegions = (
				en,
				Base,
			);
			mainGroup = F905BE6F2BAC3117004DE479;
			packageReferences = (
				F905BE8F2BAC31DA004DE479 /* XCRemoteSwiftPackageReference "Auth0" */,
			);
			productRefGroup = F905BE792BAC3117004DE479 /* Products */;
			projectDirPath = "";
			projectRoot = "";
			targets = (
				F905BE772BAC3117004DE479 /* Auth0-Integration */,
			);
		};
/* End PBXProject section */

/* Begin PBXResourcesBuildPhase section */
		F905BE762BAC3117004DE479 /* Resources */ = {
			isa = PBXResourcesBuildPhase;
			buildActionMask = 2147483647;
			files = (
				F905BE852BAC3119004DE479 /* Assets.xcassets in Resources */,
				F905BE882BAC3119004DE479 /* Base in Resources */,
				F905BE832BAC3117004DE479 /* Base in Resources */,
			);
			runOnlyForDeploymentPostprocessing = 0;
		};
/* End PBXResourcesBuildPhase section */

/* Begin PBXSourcesBuildPhase section */
		F905BE742BAC3117004DE479 /* Sources */ = {
			isa = PBXSourcesBuildPhase;
			buildActionMask = 2147483647;
			files = (
				F905BE802BAC3117004DE479 /* ViewController.swift in Sources */,
				F905BE7C2BAC3117004DE479 /* AppDelegate.swift in Sources */,
				F905BE7E2BAC3117004DE479 /* SceneDelegate.swift in Sources */,
				F905BE942BAC341C004DE479 /* AuthService.swift in Sources */,
				F905BE962BAC425F004DE479 /* Keychain.swift in Sources */,
				F905BE982BAC42CB004DE479 /* KeychainService.swift in Sources */,
			);
			runOnlyForDeploymentPostprocessing = 0;
		};
/* End PBXSourcesBuildPhase section */

/* Begin PBXVariantGroup section */
		F905BE812BAC3117004DE479 /* Main.storyboard */ = {
			isa = PBXVariantGroup;
			children = (
				F905BE822BAC3117004DE479 /* Base */,
			);
			name = Main.storyboard;
			sourceTree = "<group>";
		};
		F905BE862BAC3119004DE479 /* LaunchScreen.storyboard */ = {
			isa = PBXVariantGroup;
			children = (
				F905BE872BAC3119004DE479 /* Base */,
			);
			name = LaunchScreen.storyboard;
			sourceTree = "<group>";
		};
/* End PBXVariantGroup section */

/* Begin XCBuildConfiguration section */
		F905BE8A2BAC3119004DE479 /* Debug */ = {
			isa = XCBuildConfiguration;
			buildSettings = {
				ALWAYS_SEARCH_USER_PATHS = NO;
				ASSETCATALOG_COMPILER_GENERATE_SWIFT_ASSET_SYMBOL_EXTENSIONS = YES;
				CLANG_ANALYZER_NONNULL = YES;
				CLANG_ANALYZER_NUMBER_OBJECT_CONVERSION = YES_AGGRESSIVE;
				CLANG_CXX_LANGUAGE_STANDARD = "gnu++20";
				CLANG_ENABLE_MODULES = YES;
				CLANG_ENABLE_OBJC_ARC = YES;
				CLANG_ENABLE_OBJC_WEAK = YES;
				CLANG_WARN_BLOCK_CAPTURE_AUTORELEASING = YES;
				CLANG_WARN_BOOL_CONVERSION = YES;
				CLANG_WARN_COMMA = YES;
				CLANG_WARN_CONSTANT_CONVERSION = YES;
				CLANG_WARN_DEPRECATED_OBJC_IMPLEMENTATIONS = YES;
				CLANG_WARN_DIRECT_OBJC_ISA_USAGE = YES_ERROR;
				CLANG_WARN_DOCUMENTATION_COMMENTS = YES;
				CLANG_WARN_EMPTY_BODY = YES;
				CLANG_WARN_ENUM_CONVERSION = YES;
				CLANG_WARN_INFINITE_RECURSION = YES;
				CLANG_WARN_INT_CONVERSION = YES;
				CLANG_WARN_NON_LITERAL_NULL_CONVERSION = YES;
				CLANG_WARN_OBJC_IMPLICIT_RETAIN_SELF = YES;
				CLANG_WARN_OBJC_LITERAL_CONVERSION = YES;
				CLANG_WARN_OBJC_ROOT_CLASS = YES_ERROR;
				CLANG_WARN_QUOTED_INCLUDE_IN_FRAMEWORK_HEADER = YES;
				CLANG_WARN_RANGE_LOOP_ANALYSIS = YES;
				CLANG_WARN_STRICT_PROTOTYPES = YES;
				CLANG_WARN_SUSPICIOUS_MOVE = YES;
				CLANG_WARN_UNGUARDED_AVAILABILITY = YES_AGGRESSIVE;
				CLANG_WARN_UNREACHABLE_CODE = YES;
				CLANG_WARN__DUPLICATE_METHOD_MATCH = YES;
				COPY_PHASE_STRIP = NO;
				DEBUG_INFORMATION_FORMAT = dwarf;
				ENABLE_STRICT_OBJC_MSGSEND = YES;
				ENABLE_TESTABILITY = YES;
				ENABLE_USER_SCRIPT_SANDBOXING = YES;
				GCC_C_LANGUAGE_STANDARD = gnu17;
				GCC_DYNAMIC_NO_PIC = NO;
				GCC_NO_COMMON_BLOCKS = YES;
				GCC_OPTIMIZATION_LEVEL = 0;
				GCC_PREPROCESSOR_DEFINITIONS = (
					"DEBUG=1",
					"$(inherited)",
				);
				GCC_WARN_64_TO_32_BIT_CONVERSION = YES;
				GCC_WARN_ABOUT_RETURN_TYPE = YES_ERROR;
				GCC_WARN_UNDECLARED_SELECTOR = YES;
				GCC_WARN_UNINITIALIZED_AUTOS = YES_AGGRESSIVE;
				GCC_WARN_UNUSED_FUNCTION = YES;
				GCC_WARN_UNUSED_VARIABLE = YES;
				IPHONEOS_DEPLOYMENT_TARGET = 17.4;
				LOCALIZATION_PREFERS_STRING_CATALOGS = YES;
				MTL_ENABLE_DEBUG_INFO = INCLUDE_SOURCE;
				MTL_FAST_MATH = YES;
				ONLY_ACTIVE_ARCH = YES;
				SDKROOT = iphoneos;
				SWIFT_ACTIVE_COMPILATION_CONDITIONS = "DEBUG $(inherited)";
				SWIFT_OPTIMIZATION_LEVEL = "-Onone";
			};
			name = Debug;
		};
		F905BE8B2BAC3119004DE479 /* Release */ = {
			isa = XCBuildConfiguration;
			buildSettings = {
				ALWAYS_SEARCH_USER_PATHS = NO;
				ASSETCATALOG_COMPILER_GENERATE_SWIFT_ASSET_SYMBOL_EXTENSIONS = YES;
				CLANG_ANALYZER_NONNULL = YES;
				CLANG_ANALYZER_NUMBER_OBJECT_CONVERSION = YES_AGGRESSIVE;
				CLANG_CXX_LANGUAGE_STANDARD = "gnu++20";
				CLANG_ENABLE_MODULES = YES;
				CLANG_ENABLE_OBJC_ARC = YES;
				CLANG_ENABLE_OBJC_WEAK = YES;
				CLANG_WARN_BLOCK_CAPTURE_AUTORELEASING = YES;
				CLANG_WARN_BOOL_CONVERSION = YES;
				CLANG_WARN_COMMA = YES;
				CLANG_WARN_CONSTANT_CONVERSION = YES;
				CLANG_WARN_DEPRECATED_OBJC_IMPLEMENTATIONS = YES;
				CLANG_WARN_DIRECT_OBJC_ISA_USAGE = YES_ERROR;
				CLANG_WARN_DOCUMENTATION_COMMENTS = YES;
				CLANG_WARN_EMPTY_BODY = YES;
				CLANG_WARN_ENUM_CONVERSION = YES;
				CLANG_WARN_INFINITE_RECURSION = YES;
				CLANG_WARN_INT_CONVERSION = YES;
				CLANG_WARN_NON_LITERAL_NULL_CONVERSION = YES;
				CLANG_WARN_OBJC_IMPLICIT_RETAIN_SELF = YES;
				CLANG_WARN_OBJC_LITERAL_CONVERSION = YES;
				CLANG_WARN_OBJC_ROOT_CLASS = YES_ERROR;
				CLANG_WARN_QUOTED_INCLUDE_IN_FRAMEWORK_HEADER = YES;
				CLANG_WARN_RANGE_LOOP_ANALYSIS = YES;
				CLANG_WARN_STRICT_PROTOTYPES = YES;
				CLANG_WARN_SUSPICIOUS_MOVE = YES;
				CLANG_WARN_UNGUARDED_AVAILABILITY = YES_AGGRESSIVE;
				CLANG_WARN_UNREACHABLE_CODE = YES;
				CLANG_WARN__DUPLICATE_METHOD_MATCH = YES;
				COPY_PHASE_STRIP = NO;
				DEBUG_INFORMATION_FORMAT = "dwarf-with-dsym";
				ENABLE_NS_ASSERTIONS = NO;
				ENABLE_STRICT_OBJC_MSGSEND = YES;
				ENABLE_USER_SCRIPT_SANDBOXING = YES;
				GCC_C_LANGUAGE_STANDARD = gnu17;
				GCC_NO_COMMON_BLOCKS = YES;
				GCC_WARN_64_TO_32_BIT_CONVERSION = YES;
				GCC_WARN_ABOUT_RETURN_TYPE = YES_ERROR;
				GCC_WARN_UNDECLARED_SELECTOR = YES;
				GCC_WARN_UNINITIALIZED_AUTOS = YES_AGGRESSIVE;
				GCC_WARN_UNUSED_FUNCTION = YES;
				GCC_WARN_UNUSED_VARIABLE = YES;
				IPHONEOS_DEPLOYMENT_TARGET = 17.4;
				LOCALIZATION_PREFERS_STRING_CATALOGS = YES;
				MTL_ENABLE_DEBUG_INFO = NO;
				MTL_FAST_MATH = YES;
				SDKROOT = iphoneos;
				SWIFT_COMPILATION_MODE = wholemodule;
				VALIDATE_PRODUCT = YES;
			};
			name = Release;
		};
		F905BE8D2BAC3119004DE479 /* Debug */ = {
			isa = XCBuildConfiguration;
			buildSettings = {
				ASSETCATALOG_COMPILER_APPICON_NAME = AppIcon;
				ASSETCATALOG_COMPILER_GLOBAL_ACCENT_COLOR_NAME = AccentColor;
				CODE_SIGN_STYLE = Automatic;
				CURRENT_PROJECT_VERSION = 1;
				GENERATE_INFOPLIST_FILE = YES;
				INFOPLIST_FILE = "Auth0-Integration/Info.plist";
				INFOPLIST_KEY_UIApplicationSupportsIndirectInputEvents = YES;
				INFOPLIST_KEY_UILaunchStoryboardName = LaunchScreen;
				INFOPLIST_KEY_UIMainStoryboardFile = Main;
				INFOPLIST_KEY_UISupportedInterfaceOrientations_iPad = "UIInterfaceOrientationPortrait UIInterfaceOrientationPortraitUpsideDown UIInterfaceOrientationLandscapeLeft UIInterfaceOrientationLandscapeRight";
				INFOPLIST_KEY_UISupportedInterfaceOrientations_iPhone = "UIInterfaceOrientationPortrait UIInterfaceOrientationLandscapeLeft UIInterfaceOrientationLandscapeRight";
				LD_RUNPATH_SEARCH_PATHS = (
					"$(inherited)",
					"@executable_path/Frameworks",
				);
				MARKETING_VERSION = 1.0;
				PRODUCT_BUNDLE_IDENTIFIER = "com.demo.Auth0-Integration";
				PRODUCT_NAME = "$(TARGET_NAME)";
				SWIFT_EMIT_LOC_STRINGS = YES;
				SWIFT_VERSION = 5.0;
				TARGETED_DEVICE_FAMILY = "1,2";
			};
			name = Debug;
		};
		F905BE8E2BAC3119004DE479 /* Release */ = {
			isa = XCBuildConfiguration;
			buildSettings = {
				ASSETCATALOG_COMPILER_APPICON_NAME = AppIcon;
				ASSETCATALOG_COMPILER_GLOBAL_ACCENT_COLOR_NAME = AccentColor;
				CODE_SIGN_STYLE = Automatic;
				CURRENT_PROJECT_VERSION = 1;
				GENERATE_INFOPLIST_FILE = YES;
				INFOPLIST_FILE = "Auth0-Integration/Info.plist";
				INFOPLIST_KEY_UIApplicationSupportsIndirectInputEvents = YES;
				INFOPLIST_KEY_UILaunchStoryboardName = LaunchScreen;
				INFOPLIST_KEY_UIMainStoryboardFile = Main;
				INFOPLIST_KEY_UISupportedInterfaceOrientations_iPad = "UIInterfaceOrientationPortrait UIInterfaceOrientationPortraitUpsideDown UIInterfaceOrientationLandscapeLeft UIInterfaceOrientationLandscapeRight";
				INFOPLIST_KEY_UISupportedInterfaceOrientations_iPhone = "UIInterfaceOrientationPortrait UIInterfaceOrientationLandscapeLeft UIInterfaceOrientationLandscapeRight";
				LD_RUNPATH_SEARCH_PATHS = (
					"$(inherited)",
					"@executable_path/Frameworks",
				);
				MARKETING_VERSION = 1.0;
				PRODUCT_BUNDLE_IDENTIFIER = "com.demo.Auth0-Integration";
				PRODUCT_NAME = "$(TARGET_NAME)";
				SWIFT_EMIT_LOC_STRINGS = YES;
				SWIFT_VERSION = 5.0;
				TARGETED_DEVICE_FAMILY = "1,2";
			};
			name = Release;
		};
/* End XCBuildConfiguration section */

/* Begin XCConfigurationList section */
		F905BE732BAC3117004DE479 /* Build configuration list for PBXProject "Auth0-Integration" */ = {
			isa = XCConfigurationList;
			buildConfigurations = (
				F905BE8A2BAC3119004DE479 /* Debug */,
				F905BE8B2BAC3119004DE479 /* Release */,
			);
			defaultConfigurationIsVisible = 0;
			defaultConfigurationName = Release;
		};
		F905BE8C2BAC3119004DE479 /* Build configuration list for PBXNativeTarget "Auth0-Integration" */ = {
			isa = XCConfigurationList;
			buildConfigurations = (
				F905BE8D2BAC3119004DE479 /* Debug */,
				F905BE8E2BAC3119004DE479 /* Release */,
			);
			defaultConfigurationIsVisible = 0;
			defaultConfigurationName = Release;
		};
/* End XCConfigurationList section */

/* Begin XCRemoteSwiftPackageReference section */
		F905BE8F2BAC31DA004DE479 /* XCRemoteSwiftPackageReference "Auth0" */ = {
			isa = XCRemoteSwiftPackageReference;
			repositoryURL = "https://github.com/auth0/Auth0.swift";
			requirement = {
				kind = upToNextMajorVersion;
				minimumVersion = 2.6.0;
			};
		};
/* End XCRemoteSwiftPackageReference section */

/* Begin XCSwiftPackageProductDependency section */
		F905BE902BAC31DA004DE479 /* Auth0 */ = {
			isa = XCSwiftPackageProductDependency;
			package = F905BE8F2BAC31DA004DE479 /* XCRemoteSwiftPackageReference "Auth0" */;
			productName = Auth0;
		};
/* End XCSwiftPackageProductDependency section */
	};
	rootObject = F905BE702BAC3117004DE479 /* Project object */;
}
